// !$*UTF8*$!
{
	archiveVersion = 1;
	classes = {
	};
	objectVersion = 46;
	objects = {

/* Begin PBXBuildFile section */
		879736B41E7F4EEC00722B56 /* AppDelegate.swift in Sources */ = {isa = PBXBuildFile; fileRef = 879736B31E7F4EEC00722B56 /* AppDelegate.swift */; };
		879736B61E7F4EEC00722B56 /* RootViewController.swift in Sources */ = {isa = PBXBuildFile; fileRef = 879736B51E7F4EEC00722B56 /* RootViewController.swift */; };
		879736B81E7F4EEC00722B56 /* DataViewController.swift in Sources */ = {isa = PBXBuildFile; fileRef = 879736B71E7F4EEC00722B56 /* DataViewController.swift */; };
		879736BA1E7F4EEC00722B56 /* ModelController.swift in Sources */ = {isa = PBXBuildFile; fileRef = 879736B91E7F4EEC00722B56 /* ModelController.swift */; };
		879736BD1E7F4EEC00722B56 /* Main.storyboard in Resources */ = {isa = PBXBuildFile; fileRef = 879736BB1E7F4EEC00722B56 /* Main.storyboard */; };
		879736BF1E7F4EEC00722B56 /* Assets.xcassets in Resources */ = {isa = PBXBuildFile; fileRef = 879736BE1E7F4EEC00722B56 /* Assets.xcassets */; };
		879736C21E7F4EEC00722B56 /* LaunchScreen.storyboard in Resources */ = {isa = PBXBuildFile; fileRef = 879736C01E7F4EEC00722B56 /* LaunchScreen.storyboard */; };
		879736CD1E7F4EED00722B56 /* GameistTests.swift in Sources */ = {isa = PBXBuildFile; fileRef = 879736CC1E7F4EED00722B56 /* GameistTests.swift */; };
		879736D81E7F4EED00722B56 /* GameistUITests.swift in Sources */ = {isa = PBXBuildFile; fileRef = 879736D71E7F4EED00722B56 /* GameistUITests.swift */; };
/* End PBXBuildFile section */

/* Begin PBXContainerItemProxy section */
		879736C91E7F4EED00722B56 /* PBXContainerItemProxy */ = {
			isa = PBXContainerItemProxy;
			containerPortal = 879736A81E7F4EEC00722B56 /* Project object */;
			proxyType = 1;
			remoteGlobalIDString = 879736AF1E7F4EEC00722B56;
			remoteInfo = Gameist;
		};
		879736D41E7F4EED00722B56 /* PBXContainerItemProxy */ = {
			isa = PBXContainerItemProxy;
			containerPortal = 879736A81E7F4EEC00722B56 /* Project object */;
			proxyType = 1;
			remoteGlobalIDString = 879736AF1E7F4EEC00722B56;
			remoteInfo = Gameist;
		};
/* End PBXContainerItemProxy section */

/* Begin PBXFileReference section */
		879736B01E7F4EEC00722B56 /* Gameist.app */ = {isa = PBXFileReference; explicitFileType = wrapper.application; includeInIndex = 0; path = Gameist.app; sourceTree = BUILT_PRODUCTS_DIR; };
		879736B31E7F4EEC00722B56 /* AppDelegate.swift */ = {isa = PBXFileReference; lastKnownFileType = sourcecode.swift; path = AppDelegate.swift; sourceTree = "<group>"; };
		879736B51E7F4EEC00722B56 /* RootViewController.swift */ = {isa = PBXFileReference; lastKnownFileType = sourcecode.swift; path = RootViewController.swift; sourceTree = "<group>"; };
		879736B71E7F4EEC00722B56 /* DataViewController.swift */ = {isa = PBXFileReference; lastKnownFileType = sourcecode.swift; path = DataViewController.swift; sourceTree = "<group>"; };
		879736B91E7F4EEC00722B56 /* ModelController.swift */ = {isa = PBXFileReference; lastKnownFileType = sourcecode.swift; path = ModelController.swift; sourceTree = "<group>"; };
		879736BC1E7F4EEC00722B56 /* Base */ = {isa = PBXFileReference; lastKnownFileType = file.storyboard; name = Base; path = Base.lproj/Main.storyboard; sourceTree = "<group>"; };
		879736BE1E7F4EEC00722B56 /* Assets.xcassets */ = {isa = PBXFileReference; lastKnownFileType = folder.assetcatalog; path = Assets.xcassets; sourceTree = "<group>"; };
		879736C11E7F4EEC00722B56 /* Base */ = {isa = PBXFileReference; lastKnownFileType = file.storyboard; name = Base; path = Base.lproj/LaunchScreen.storyboard; sourceTree = "<group>"; };
		879736C31E7F4EED00722B56 /* Info.plist */ = {isa = PBXFileReference; lastKnownFileType = text.plist.xml; path = Info.plist; sourceTree = "<group>"; };
		879736C81E7F4EED00722B56 /* GameistTests.xctest */ = {isa = PBXFileReference; explicitFileType = wrapper.cfbundle; includeInIndex = 0; path = GameistTests.xctest; sourceTree = BUILT_PRODUCTS_DIR; };
		879736CC1E7F4EED00722B56 /* GameistTests.swift */ = {isa = PBXFileReference; lastKnownFileType = sourcecode.swift; path = GameistTests.swift; sourceTree = "<group>"; };
		879736CE1E7F4EED00722B56 /* Info.plist */ = {isa = PBXFileReference; lastKnownFileType = text.plist.xml; path = Info.plist; sourceTree = "<group>"; };
		879736D31E7F4EED00722B56 /* GameistUITests.xctest */ = {isa = PBXFileReference; explicitFileType = wrapper.cfbundle; includeInIndex = 0; path = GameistUITests.xctest; sourceTree = BUILT_PRODUCTS_DIR; };
		879736D71E7F4EED00722B56 /* GameistUITests.swift */ = {isa = PBXFileReference; lastKnownFileType = sourcecode.swift; path = GameistUITests.swift; sourceTree = "<group>"; };
		879736D91E7F4EED00722B56 /* Info.plist */ = {isa = PBXFileReference; lastKnownFileType = text.plist.xml; path = Info.plist; sourceTree = "<group>"; };
/* End PBXFileReference section */

/* Begin PBXFrameworksBuildPhase section */
		879736AD1E7F4EEC00722B56 /* Frameworks */ = {
			isa = PBXFrameworksBuildPhase;
			buildActionMask = 2147483647;
			files = (
			);
			runOnlyForDeploymentPostprocessing = 0;
		};
		879736C51E7F4EED00722B56 /* Frameworks */ = {
			isa = PBXFrameworksBuildPhase;
			buildActionMask = 2147483647;
			files = (
			);
			runOnlyForDeploymentPostprocessing = 0;
		};
		879736D01E7F4EED00722B56 /* Frameworks */ = {
			isa = PBXFrameworksBuildPhase;
			buildActionMask = 2147483647;
			files = (
			);
			runOnlyForDeploymentPostprocessing = 0;
		};
/* End PBXFrameworksBuildPhase section */

/* Begin PBXGroup section */
		879736A71E7F4EEC00722B56 = {
			isa = PBXGroup;
			children = (
				879736B21E7F4EEC00722B56 /* Gameist */,
				879736CB1E7F4EED00722B56 /* GameistTests */,
				879736D61E7F4EED00722B56 /* GameistUITests */,
				879736B11E7F4EEC00722B56 /* Products */,
			);
			sourceTree = "<group>";
		};
		879736B11E7F4EEC00722B56 /* Products */ = {
			isa = PBXGroup;
			children = (
				879736B01E7F4EEC00722B56 /* Gameist.app */,
				879736C81E7F4EED00722B56 /* GameistTests.xctest */,
				879736D31E7F4EED00722B56 /* GameistUITests.xctest */,
			);
			name = Products;
			sourceTree = "<group>";
		};
		879736B21E7F4EEC00722B56 /* Gameist */ = {
			isa = PBXGroup;
			children = (
				879736B31E7F4EEC00722B56 /* AppDelegate.swift */,
				879736B51E7F4EEC00722B56 /* RootViewController.swift */,
				879736B71E7F4EEC00722B56 /* DataViewController.swift */,
				879736B91E7F4EEC00722B56 /* ModelController.swift */,
				879736BB1E7F4EEC00722B56 /* Main.storyboard */,
				879736BE1E7F4EEC00722B56 /* Assets.xcassets */,
				879736C01E7F4EEC00722B56 /* LaunchScreen.storyboard */,
				879736C31E7F4EED00722B56 /* Info.plist */,
			);
			path = Gameist;
			sourceTree = "<group>";
		};
		879736CB1E7F4EED00722B56 /* GameistTests */ = {
			isa = PBXGroup;
			children = (
				879736CC1E7F4EED00722B56 /* GameistTests.swift */,
				879736CE1E7F4EED00722B56 /* Info.plist */,
			);
			path = GameistTests;
			sourceTree = "<group>";
		};
		879736D61E7F4EED00722B56 /* GameistUITests */ = {
			isa = PBXGroup;
			children = (
				879736D71E7F4EED00722B56 /* GameistUITests.swift */,
				879736D91E7F4EED00722B56 /* Info.plist */,
			);
			path = GameistUITests;
			sourceTree = "<group>";
		};
/* End PBXGroup section */

/* Begin PBXNativeTarget section */
		879736AF1E7F4EEC00722B56 /* Gameist */ = {
			isa = PBXNativeTarget;
			buildConfigurationList = 879736DC1E7F4EED00722B56 /* Build configuration list for PBXNativeTarget "Gameist" */;
			buildPhases = (
				879736AC1E7F4EEC00722B56 /* Sources */,
				879736AD1E7F4EEC00722B56 /* Frameworks */,
				879736AE1E7F4EEC00722B56 /* Resources */,
			);
			buildRules = (
			);
			dependencies = (
			);
			name = Gameist;
			productName = Gameist;
			productReference = 879736B01E7F4EEC00722B56 /* Gameist.app */;
			productType = "com.apple.product-type.application";
		};
		879736C71E7F4EED00722B56 /* GameistTests */ = {
			isa = PBXNativeTarget;
			buildConfigurationList = 879736DF1E7F4EED00722B56 /* Build configuration list for PBXNativeTarget "GameistTests" */;
			buildPhases = (
				879736C41E7F4EED00722B56 /* Sources */,
				879736C51E7F4EED00722B56 /* Frameworks */,
				879736C61E7F4EED00722B56 /* Resources */,
			);
			buildRules = (
			);
			dependencies = (
				879736CA1E7F4EED00722B56 /* PBXTargetDependency */,
			);
			name = GameistTests;
			productName = GameistTests;
			productReference = 879736C81E7F4EED00722B56 /* GameistTests.xctest */;
			productType = "com.apple.product-type.bundle.unit-test";
		};
		879736D21E7F4EED00722B56 /* GameistUITests */ = {
			isa = PBXNativeTarget;
			buildConfigurationList = 879736E21E7F4EED00722B56 /* Build configuration list for PBXNativeTarget "GameistUITests" */;
			buildPhases = (
				879736CF1E7F4EED00722B56 /* Sources */,
				879736D01E7F4EED00722B56 /* Frameworks */,
				879736D11E7F4EED00722B56 /* Resources */,
			);
			buildRules = (
			);
			dependencies = (
				879736D51E7F4EED00722B56 /* PBXTargetDependency */,
			);
			name = GameistUITests;
			productName = GameistUITests;
			productReference = 879736D31E7F4EED00722B56 /* GameistUITests.xctest */;
			productType = "com.apple.product-type.bundle.ui-testing";
		};
/* End PBXNativeTarget section */

/* Begin PBXProject section */
		879736A81E7F4EEC00722B56 /* Project object */ = {
			isa = PBXProject;
			attributes = {
				LastSwiftUpdateCheck = 0800;
				LastUpgradeCheck = 0800;
				ORGANIZATIONNAME = WorkLifeStudy;
				TargetAttributes = {
					879736AF1E7F4EEC00722B56 = {
						CreatedOnToolsVersion = 8.0;
						DevelopmentTeam = U5V4ZH5JS2;
						ProvisioningStyle = Automatic;
					};
					879736C71E7F4EED00722B56 = {
						CreatedOnToolsVersion = 8.0;
						DevelopmentTeam = U5V4ZH5JS2;
						ProvisioningStyle = Automatic;
						TestTargetID = 879736AF1E7F4EEC00722B56;
					};
					879736D21E7F4EED00722B56 = {
						CreatedOnToolsVersion = 8.0;
						DevelopmentTeam = U5V4ZH5JS2;
						ProvisioningStyle = Automatic;
						TestTargetID = 879736AF1E7F4EEC00722B56;
					};
				};
			};
			buildConfigurationList = 879736AB1E7F4EEC00722B56 /* Build configuration list for PBXProject "Gameist" */;
			compatibilityVersion = "Xcode 3.2";
			developmentRegion = English;
			hasScannedForEncodings = 0;
			knownRegions = (
				en,
				Base,
			);
			mainGroup = 879736A71E7F4EEC00722B56;
			productRefGroup = 879736B11E7F4EEC00722B56 /* Products */;
			projectDirPath = "";
			projectRoot = "";
			targets = (
				879736AF1E7F4EEC00722B56 /* Gameist */,
				879736C71E7F4EED00722B56 /* GameistTests */,
				879736D21E7F4EED00722B56 /* GameistUITests */,
			);
		};
/* End PBXProject section */

/* Begin PBXResourcesBuildPhase section */
		879736AE1E7F4EEC00722B56 /* Resources */ = {
			isa = PBXResourcesBuildPhase;
			buildActionMask = 2147483647;
			files = (
				879736C21E7F4EEC00722B56 /* LaunchScreen.storyboard in Resources */,
				879736BF1E7F4EEC00722B56 /* Assets.xcassets in Resources */,
				879736BD1E7F4EEC00722B56 /* Main.storyboard in Resources */,
			);
			runOnlyForDeploymentPostprocessing = 0;
		};
		879736C61E7F4EED00722B56 /* Resources */ = {
			isa = PBXResourcesBuildPhase;
			buildActionMask = 2147483647;
			files = (
			);
			runOnlyForDeploymentPostprocessing = 0;
		};
		879736D11E7F4EED00722B56 /* Resources */ = {
			isa = PBXResourcesBuildPhase;
			buildActionMask = 2147483647;
			files = (
			);
			runOnlyForDeploymentPostprocessing = 0;
		};
/* End PBXResourcesBuildPhase section */

/* Begin PBXSourcesBuildPhase section */
		879736AC1E7F4EEC00722B56 /* Sources */ = {
			isa = PBXSourcesBuildPhase;
			buildActionMask = 2147483647;
			files = (
				879736B61E7F4EEC00722B56 /* RootViewController.swift in Sources */,
				879736BA1E7F4EEC00722B56 /* ModelController.swift in Sources */,
				879736B81E7F4EEC00722B56 /* DataViewController.swift in Sources */,
				879736B41E7F4EEC00722B56 /* AppDelegate.swift in Sources */,
			);
			runOnlyForDeploymentPostprocessing = 0;
		};
		879736C41E7F4EED00722B56 /* Sources */ = {
			isa = PBXSourcesBuildPhase;
			buildActionMask = 2147483647;
			files = (
				879736CD1E7F4EED00722B56 /* GameistTests.swift in Sources */,
			);
			runOnlyForDeploymentPostprocessing = 0;
		};
		879736CF1E7F4EED00722B56 /* Sources */ = {
			isa = PBXSourcesBuildPhase;
			buildActionMask = 2147483647;
			files = (
				879736D81E7F4EED00722B56 /* GameistUITests.swift in Sources */,
			);
			runOnlyForDeploymentPostprocessing = 0;
		};
/* End PBXSourcesBuildPhase section */

/* Begin PBXTargetDependency section */
		879736CA1E7F4EED00722B56 /* PBXTargetDependency */ = {
			isa = PBXTargetDependency;
			target = 879736AF1E7F4EEC00722B56 /* Gameist */;
			targetProxy = 879736C91E7F4EED00722B56 /* PBXContainerItemProxy */;
		};
		879736D51E7F4EED00722B56 /* PBXTargetDependency */ = {
			isa = PBXTargetDependency;
			target = 879736AF1E7F4EEC00722B56 /* Gameist */;
			targetProxy = 879736D41E7F4EED00722B56 /* PBXContainerItemProxy */;
		};
/* End PBXTargetDependency section */

/* Begin PBXVariantGroup section */
		879736BB1E7F4EEC00722B56 /* Main.storyboard */ = {
			isa = PBXVariantGroup;
			children = (
				879736BC1E7F4EEC00722B56 /* Base */,
			);
			name = Main.storyboard;
			sourceTree = "<group>";
		};
		879736C01E7F4EEC00722B56 /* LaunchScreen.storyboard */ = {
			isa = PBXVariantGroup;
			children = (
				879736C11E7F4EEC00722B56 /* Base */,
			);
			name = LaunchScreen.storyboard;
			sourceTree = "<group>";
		};
/* End PBXVariantGroup section */

/* Begin XCBuildConfiguration section */
		879736DA1E7F4EED00722B56 /* Debug */ = {
			isa = XCBuildConfiguration;
			buildSettings = {
				ALWAYS_SEARCH_USER_PATHS = NO;
				CLANG_ANALYZER_NONNULL = YES;
				CLANG_CXX_LANGUAGE_STANDARD = "gnu++0x";
				CLANG_CXX_LIBRARY = "libc++";
				CLANG_ENABLE_MODULES = YES;
				CLANG_ENABLE_OBJC_ARC = YES;
				CLANG_WARN_BOOL_CONVERSION = YES;
				CLANG_WARN_CONSTANT_CONVERSION = YES;
				CLANG_WARN_DIRECT_OBJC_ISA_USAGE = YES_ERROR;
				CLANG_WARN_DOCUMENTATION_COMMENTS = YES;
				CLANG_WARN_EMPTY_BODY = YES;
				CLANG_WARN_ENUM_CONVERSION = YES;
				CLANG_WARN_INFINITE_RECURSION = YES;
				CLANG_WARN_INT_CONVERSION = YES;
				CLANG_WARN_OBJC_ROOT_CLASS = YES_ERROR;
				CLANG_WARN_SUSPICIOUS_MOVES = YES;
				CLANG_WARN_UNREACHABLE_CODE = YES;
				CLANG_WARN__DUPLICATE_METHOD_MATCH = YES;
				"CODE_SIGN_IDENTITY[sdk=iphoneos*]" = "iPhone Developer";
				COPY_PHASE_STRIP = NO;
				DEBUG_INFORMATION_FORMAT = dwarf;
				ENABLE_STRICT_OBJC_MSGSEND = YES;
				ENABLE_TESTABILITY = YES;
				GCC_C_LANGUAGE_STANDARD = gnu99;
				GCC_DYNAMIC_NO_PIC = NO;
				GCC_NO_COMMON_BLOCKS = YES;
				GCC_OPTIMIZATION_LEVEL = 0;
				GCC_PREPROCESSOR_DEFINITIONS = (
					"DEBUG=1",
					"$(inherited)",
				);
				GCC_WARN_64_TO_32_BIT_CONVERSION = YES;
				GCC_WARN_ABOUT_RETURN_TYPE = YES_ERROR;
				GCC_WARN_UNDECLARED_SELECTOR = YES;
				GCC_WARN_UNINITIALIZED_AUTOS = YES_AGGRESSIVE;
				GCC_WARN_UNUSED_FUNCTION = YES;
				GCC_WARN_UNUSED_VARIABLE = YES;
				IPHONEOS_DEPLOYMENT_TARGET = 10.0;
				MTL_ENABLE_DEBUG_INFO = YES;
				ONLY_ACTIVE_ARCH = YES;
				SDKROOT = iphoneos;
				SWIFT_ACTIVE_COMPILATION_CONDITIONS = DEBUG;
				SWIFT_OPTIMIZATION_LEVEL = "-Onone";
				TARGETED_DEVICE_FAMILY = "1,2";
			};
			name = Debug;
		};
		879736DB1E7F4EED00722B56 /* Release */ = {
			isa = XCBuildConfiguration;
			buildSettings = {
				ALWAYS_SEARCH_USER_PATHS = NO;
				CLANG_ANALYZER_NONNULL = YES;
				CLANG_CXX_LANGUAGE_STANDARD = "gnu++0x";
				CLANG_CXX_LIBRARY = "libc++";
				CLANG_ENABLE_MODULES = YES;
				CLANG_ENABLE_OBJC_ARC = YES;
				CLANG_WARN_BOOL_CONVERSION = YES;
				CLANG_WARN_CONSTANT_CONVERSION = YES;
				CLANG_WARN_DIRECT_OBJC_ISA_USAGE = YES_ERROR;
				CLANG_WARN_DOCUMENTATION_COMMENTS = YES;
				CLANG_WARN_EMPTY_BODY = YES;
				CLANG_WARN_ENUM_CONVERSION = YES;
				CLANG_WARN_INFINITE_RECURSION = YES;
				CLANG_WARN_INT_CONVERSION = YES;
				CLANG_WARN_OBJC_ROOT_CLASS = YES_ERROR;
				CLANG_WARN_SUSPICIOUS_MOVES = YES;
				CLANG_WARN_UNREACHABLE_CODE = YES;
				CLANG_WARN__DUPLICATE_METHOD_MATCH = YES;
				"CODE_SIGN_IDENTITY[sdk=iphoneos*]" = "iPhone Developer";
				COPY_PHASE_STRIP = NO;
				DEBUG_INFORMATION_FORMAT = "dwarf-with-dsym";
				ENABLE_NS_ASSERTIONS = NO;
				ENABLE_STRICT_OBJC_MSGSEND = YES;
				GCC_C_LANGUAGE_STANDARD = gnu99;
				GCC_NO_COMMON_BLOCKS = YES;
				GCC_WARN_64_TO_32_BIT_CONVERSION = YES;
				GCC_WARN_ABOUT_RETURN_TYPE = YES_ERROR;
				GCC_WARN_UNDECLARED_SELECTOR = YES;
				GCC_WARN_UNINITIALIZED_AUTOS = YES_AGGRESSIVE;
				GCC_WARN_UNUSED_FUNCTION = YES;
				GCC_WARN_UNUSED_VARIABLE = YES;
				IPHONEOS_DEPLOYMENT_TARGET = 10.0;
				MTL_ENABLE_DEBUG_INFO = NO;
				SDKROOT = iphoneos;
				SWIFT_OPTIMIZATION_LEVEL = "-Owholemodule";
				TARGETED_DEVICE_FAMILY = "1,2";
				VALIDATE_PRODUCT = YES;
			};
			name = Release;
		};
		879736DD1E7F4EED00722B56 /* Debug */ = {
			isa = XCBuildConfiguration;
			buildSettings = {
				ASSETCATALOG_COMPILER_APPICON_NAME = AppIcon;
				DEVELOPMENT_TEAM = U5V4ZH5JS2;
				INFOPLIST_FILE = Gameist/Info.plist;
				LD_RUNPATH_SEARCH_PATHS = "$(inherited) @executable_path/Frameworks";
				PRODUCT_BUNDLE_IDENTIFIER = com.worklifestudy.Gameist;
				PRODUCT_NAME = "$(TARGET_NAME)";
				SWIFT_VERSION = 3.0;
			};
			name = Debug;
		};
		879736DE1E7F4EED00722B56 /* Release */ = {
			isa = XCBuildConfiguration;
			buildSettings = {
				ASSETCATALOG_COMPILER_APPICON_NAME = AppIcon;
				DEVELOPMENT_TEAM = U5V4ZH5JS2;
				INFOPLIST_FILE = Gameist/Info.plist;
				LD_RUNPATH_SEARCH_PATHS = "$(inherited) @executable_path/Frameworks";
				PRODUCT_BUNDLE_IDENTIFIER = com.worklifestudy.Gameist;
				PRODUCT_NAME = "$(TARGET_NAME)";
				SWIFT_VERSION = 3.0;
			};
			name = Release;
		};
		879736E01E7F4EED00722B56 /* Debug */ = {
			isa = XCBuildConfiguration;
			buildSettings = {
				ALWAYS_EMBED_SWIFT_STANDARD_LIBRARIES = YES;
				BUNDLE_LOADER = "$(TEST_HOST)";
				DEVELOPMENT_TEAM = U5V4ZH5JS2;
				INFOPLIST_FILE = GameistTests/Info.plist;
				LD_RUNPATH_SEARCH_PATHS = "$(inherited) @executable_path/Frameworks @loader_path/Frameworks";
				PRODUCT_BUNDLE_IDENTIFIER = com.worklifestudy.GameistTests;
				PRODUCT_NAME = "$(TARGET_NAME)";
				SWIFT_VERSION = 3.0;
				TEST_HOST = "$(BUILT_PRODUCTS_DIR)/Gameist.app/Gameist";
			};
			name = Debug;
		};
		879736E11E7F4EED00722B56 /* Release */ = {
			isa = XCBuildConfiguration;
			buildSettings = {
				ALWAYS_EMBED_SWIFT_STANDARD_LIBRARIES = YES;
				BUNDLE_LOADER = "$(TEST_HOST)";
				DEVELOPMENT_TEAM = U5V4ZH5JS2;
				INFOPLIST_FILE = GameistTests/Info.plist;
				LD_RUNPATH_SEARCH_PATHS = "$(inherited) @executable_path/Frameworks @loader_path/Frameworks";
				PRODUCT_BUNDLE_IDENTIFIER = com.worklifestudy.GameistTests;
				PRODUCT_NAME = "$(TARGET_NAME)";
				SWIFT_VERSION = 3.0;
				TEST_HOST = "$(BUILT_PRODUCTS_DIR)/Gameist.app/Gameist";
			};
			name = Release;
		};
		879736E31E7F4EED00722B56 /* Debug */ = {
			isa = XCBuildConfiguration;
			buildSettings = {
				ALWAYS_EMBED_SWIFT_STANDARD_LIBRARIES = YES;
				DEVELOPMENT_TEAM = U5V4ZH5JS2;
				INFOPLIST_FILE = GameistUITests/Info.plist;
				LD_RUNPATH_SEARCH_PATHS = "$(inherited) @executable_path/Frameworks @loader_path/Frameworks";
				PRODUCT_BUNDLE_IDENTIFIER = com.worklifestudy.GameistUITests;
				PRODUCT_NAME = "$(TARGET_NAME)";
				SWIFT_VERSION = 3.0;
				TEST_TARGET_NAME = Gameist;
			};
			name = Debug;
		};
		879736E41E7F4EED00722B56 /* Release */ = {
			isa = XCBuildConfiguration;
			buildSettings = {
				ALWAYS_EMBED_SWIFT_STANDARD_LIBRARIES = YES;
				DEVELOPMENT_TEAM = U5V4ZH5JS2;
				INFOPLIST_FILE = GameistUITests/Info.plist;
				LD_RUNPATH_SEARCH_PATHS = "$(inherited) @executable_path/Frameworks @loader_path/Frameworks";
				PRODUCT_BUNDLE_IDENTIFIER = com.worklifestudy.GameistUITests;
				PRODUCT_NAME = "$(TARGET_NAME)";
				SWIFT_VERSION = 3.0;
				TEST_TARGET_NAME = Gameist;
			};
			name = Release;
		};
/* End XCBuildConfiguration section */

/* Begin XCConfigurationList section */
		879736AB1E7F4EEC00722B56 /* Build configuration list for PBXProject "Gameist" */ = {
			isa = XCConfigurationList;
			buildConfigurations = (
				879736DA1E7F4EED00722B56 /* Debug */,
				879736DB1E7F4EED00722B56 /* Release */,
			);
			defaultConfigurationIsVisible = 0;
			defaultConfigurationName = Release;
		};
		879736DC1E7F4EED00722B56 /* Build configuration list for PBXNativeTarget "Gameist" */ = {
			isa = XCConfigurationList;
			buildConfigurations = (
				879736DD1E7F4EED00722B56 /* Debug */,
				879736DE1E7F4EED00722B56 /* Release */,
			);
			defaultConfigurationIsVisible = 0;
		};
		879736DF1E7F4EED00722B56 /* Build configuration list for PBXNativeTarget "GameistTests" */ = {
			isa = XCConfigurationList;
			buildConfigurations = (
				879736E01E7F4EED00722B56 /* Debug */,
				879736E11E7F4EED00722B56 /* Release */,
			);
			defaultConfigurationIsVisible = 0;
		};
		879736E21E7F4EED00722B56 /* Build configuration list for PBXNativeTarget "GameistUITests" */ = {
			isa = XCConfigurationList;
			buildConfigurations = (
				879736E31E7F4EED00722B56 /* Debug */,
				879736E41E7F4EED00722B56 /* Release */,
			);
			defaultConfigurationIsVisible = 0;
		};
/* End XCConfigurationList section */
	};
	rootObject = 879736A81E7F4EEC00722B56 /* Project object */;
}
